
Microsoft Visual Studio Solution File, Format Version 12.00
# Visual Studio Version 16
VisualStudioVersion = 16.0.30517.126
MinimumVisualStudioVersion = 10.0.40219.1
Project("{FAE04EC0-301F-11D3-BF4B-00C04F79EFBC}") = "SalaryCalculator", "SalaryCalculator\SalaryCalculator.csproj", "{43E658BA-0D22-4EB2-983E-5C24731C702D}"
EndProject
Global
	GlobalSection(SolutionConfigurationPlatforms) = preSolution
		Debug|Any CPU = Debug|Any CPU
		Release|Any CPU = Release|Any CPU
	EndGlobalSection
	GlobalSection(ProjectConfigurationPlatforms) = postSolution
		{43E658BA-0D22-4EB2-983E-5C24731C702D}.Debug|Any CPU.ActiveCfg = Debug|Any CPU
		{43E658BA-0D22-4EB2-983E-5C24731C702D}.Debug|Any CPU.Build.0 = Debug|Any CPU
		{43E658BA-0D22-4EB2-983E-5C24731C702D}.Release|Any CPU.ActiveCfg = Release|Any CPU
		{43E658BA-0D22-4EB2-983E-5C24731C702D}.Release|Any CPU.Build.0 = Release|Any CPU
	EndGlobalSection
	GlobalSection(SolutionProperties) = preSolution
		HideSolutionNode = FALSE
	EndGlobalSection
	GlobalSection(ExtensibilityGlobals) = postSolution
		SolutionGuid = {97B83EF6-F47F-4C59-93EB-63D20F3B3DE3}
	EndGlobalSection
EndGlobal
